
Microsoft Visual Studio Solution File, Format Version 12.00
# Visual Studio Version 17
VisualStudioVersion = 17.0.31903.59
MinimumVisualStudioVersion = 10.0.40219.1
Project("{2150E333-8FDC-42A3-9474-1A3956D46DE8}") = "src", "src", "{827E0CD3-B72D-47B6-A68D-7590B98EB39B}"
EndProject
Project("{FAE04EC0-301F-11D3-BF4B-00C04F79EFBC}") = "GoodHamburger.Application", "src\GoodHamburger.Application\GoodHamburger.Application.csproj", "{F7AA6456-5866-421F-AC31-6E4D45CF8BAC}"
EndProject
Project("{FAE04EC0-301F-11D3-BF4B-00C04F79EFBC}") = "GoodHamburger.Domain", "src\GoodHamburger.Domain\GoodHamburger.Domain.csproj", "{20FF7636-09A0-465C-947A-19E320E2757E}"
EndProject
Project("{FAE04EC0-301F-11D3-BF4B-00C04F79EFBC}") = "GoodHamburger.Infra", "src\GoodHamburger.Infra\GoodHamburger.Infra.csproj", "{575132C5-5A1D-4933-9474-B6ED504C65B0}"
EndProject
Project("{FAE04EC0-301F-11D3-BF4B-00C04F79EFBC}") = "GoodHamburger.Shared", "src\GoodHamburger.Shared\GoodHamburger.Shared.csproj", "{EDEF89EA-5EE1-4146-82CF-8C15DC38ACB4}"
EndProject
Project("{FAE04EC0-301F-11D3-BF4B-00C04F79EFBC}") = "GoodHamburger.WebAPI", "src\GoodHamburger.WebAPI\GoodHamburger.WebAPI.csproj", "{86E45159-0AF3-427A-A5D4-932CC5709F3F}"
EndProject
Project("{2150E333-8FDC-42A3-9474-1A3956D46DE8}") = "tests", "tests", "{0AB3BF05-4346-4AA6-1389-037BE0695223}"
EndProject
Project("{FAE04EC0-301F-11D3-BF4B-00C04F79EFBC}") = "GoodHamburger.UnitTests", "tests\GoodHamburger.UnitTests\GoodHamburger.UnitTests.csproj", "{C6417579-7C5A-4AA9-854C-C37E3558D594}"
EndProject
Project("{FAE04EC0-301F-11D3-BF4B-00C04F79EFBC}") = "GoodHamburger.BlazorWasm", "src\GoodHamburger.BlazorWasm\GoodHamburger.BlazorWasm.csproj", "{9082C7BA-7CF1-4052-AEB5-24C7F9A3DF5D}"
EndProject
Global
	GlobalSection(SolutionConfigurationPlatforms) = preSolution
		Debug|Any CPU = Debug|Any CPU
		Debug|x64 = Debug|x64
		Debug|x86 = Debug|x86
		Release|Any CPU = Release|Any CPU
		Release|x64 = Release|x64
		Release|x86 = Release|x86
	EndGlobalSection
	GlobalSection(ProjectConfigurationPlatforms) = postSolution
		{F7AA6456-5866-421F-AC31-6E4D45CF8BAC}.Debug|Any CPU.ActiveCfg = Debug|Any CPU
		{F7AA6456-5866-421F-AC31-6E4D45CF8BAC}.Debug|Any CPU.Build.0 = Debug|Any CPU
		{F7AA6456-5866-421F-AC31-6E4D45CF8BAC}.Debug|x64.ActiveCfg = Debug|Any CPU
		{F7AA6456-5866-421F-AC31-6E4D45CF8BAC}.Debug|x64.Build.0 = Debug|Any CPU
		{F7AA6456-5866-421F-AC31-6E4D45CF8BAC}.Debug|x86.ActiveCfg = Debug|Any CPU
		{F7AA6456-5866-421F-AC31-6E4D45CF8BAC}.Debug|x86.Build.0 = Debug|Any CPU
		{F7AA6456-5866-421F-AC31-6E4D45CF8BAC}.Release|Any CPU.ActiveCfg = Release|Any CPU
		{F7AA6456-5866-421F-AC31-6E4D45CF8BAC}.Release|Any CPU.Build.0 = Release|Any CPU
		{F7AA6456-5866-421F-AC31-6E4D45CF8BAC}.Release|x64.ActiveCfg = Release|Any CPU
		{F7AA6456-5866-421F-AC31-6E4D45CF8BAC}.Release|x64.Build.0 = Release|Any CPU
		{F7AA6456-5866-421F-AC31-6E4D45CF8BAC}.Release|x86.ActiveCfg = Release|Any CPU
		{F7AA6456-5866-421F-AC31-6E4D45CF8BAC}.Release|x86.Build.0 = Release|Any CPU
		{20FF7636-09A0-465C-947A-19E320E2757E}.Debug|Any CPU.ActiveCfg = Debug|Any CPU
		{20FF7636-09A0-465C-947A-19E320E2757E}.Debug|Any CPU.Build.0 = Debug|Any CPU
		{20FF7636-09A0-465C-947A-19E320E2757E}.Debug|x64.ActiveCfg = Debug|Any CPU
		{20FF7636-09A0-465C-947A-19E320E2757E}.Debug|x64.Build.0 = Debug|Any CPU
		{20FF7636-09A0-465C-947A-19E320E2757E}.Debug|x86.ActiveCfg = Debug|Any CPU
		{20FF7636-09A0-465C-947A-19E320E2757E}.Debug|x86.Build.0 = Debug|Any CPU
		{20FF7636-09A0-465C-947A-19E320E2757E}.Release|Any CPU.ActiveCfg = Release|Any CPU
		{20FF7636-09A0-465C-947A-19E320E2757E}.Release|Any CPU.Build.0 = Release|Any CPU
		{20FF7636-09A0-465C-947A-19E320E2757E}.Release|x64.ActiveCfg = Release|Any CPU
		{20FF7636-09A0-465C-947A-19E320E2757E}.Release|x64.Build.0 = Release|Any CPU
		{20FF7636-09A0-465C-947A-19E320E2757E}.Release|x86.ActiveCfg = Release|Any CPU
		{20FF7636-09A0-465C-947A-19E320E2757E}.Release|x86.Build.0 = Release|Any CPU
		{575132C5-5A1D-4933-9474-B6ED504C65B0}.Debug|Any CPU.ActiveCfg = Debug|Any CPU
		{575132C5-5A1D-4933-9474-B6ED504C65B0}.Debug|Any CPU.Build.0 = Debug|Any CPU
		{575132C5-5A1D-4933-9474-B6ED504C65B0}.Debug|x64.ActiveCfg = Debug|Any CPU
		{575132C5-5A1D-4933-9474-B6ED504C65B0}.Debug|x64.Build.0 = Debug|Any CPU
		{575132C5-5A1D-4933-9474-B6ED504C65B0}.Debug|x86.ActiveCfg = Debug|Any CPU
		{575132C5-5A1D-4933-9474-B6ED504C65B0}.Debug|x86.Build.0 = Debug|Any CPU
		{575132C5-5A1D-4933-9474-B6ED504C65B0}.Release|Any CPU.ActiveCfg = Release|Any CPU
		{575132C5-5A1D-4933-9474-B6ED504C65B0}.Release|Any CPU.Build.0 = Release|Any CPU
		{575132C5-5A1D-4933-9474-B6ED504C65B0}.Release|x64.ActiveCfg = Release|Any CPU
		{575132C5-5A1D-4933-9474-B6ED504C65B0}.Release|x64.Build.0 = Release|Any CPU
		{575132C5-5A1D-4933-9474-B6ED504C65B0}.Release|x86.ActiveCfg = Release|Any CPU
		{575132C5-5A1D-4933-9474-B6ED504C65B0}.Release|x86.Build.0 = Release|Any CPU
		{EDEF89EA-5EE1-4146-82CF-8C15DC38ACB4}.Debug|Any CPU.ActiveCfg = Debug|Any CPU
		{EDEF89EA-5EE1-4146-82CF-8C15DC38ACB4}.Debug|Any CPU.Build.0 = Debug|Any CPU
		{EDEF89EA-5EE1-4146-82CF-8C15DC38ACB4}.Debug|x64.ActiveCfg = Debug|Any CPU
		{EDEF89EA-5EE1-4146-82CF-8C15DC38ACB4}.Debug|x64.Build.0 = Debug|Any CPU
		{EDEF89EA-5EE1-4146-82CF-8C15DC38ACB4}.Debug|x86.ActiveCfg = Debug|Any CPU
		{EDEF89EA-5EE1-4146-82CF-8C15DC38ACB4}.Debug|x86.Build.0 = Debug|Any CPU
		{EDEF89EA-5EE1-4146-82CF-8C15DC38ACB4}.Release|Any CPU.ActiveCfg = Release|Any CPU
		{EDEF89EA-5EE1-4146-82CF-8C15DC38ACB4}.Release|Any CPU.Build.0 = Release|Any CPU
		{EDEF89EA-5EE1-4146-82CF-8C15DC38ACB4}.Release|x64.ActiveCfg = Release|Any CPU
		{EDEF89EA-5EE1-4146-82CF-8C15DC38ACB4}.Release|x64.Build.0 = Release|Any CPU
		{EDEF89EA-5EE1-4146-82CF-8C15DC38ACB4}.Release|x86.ActiveCfg = Release|Any CPU
		{EDEF89EA-5EE1-4146-82CF-8C15DC38ACB4}.Release|x86.Build.0 = Release|Any CPU
		{86E45159-0AF3-427A-A5D4-932CC5709F3F}.Debug|Any CPU.ActiveCfg = Debug|Any CPU
		{86E45159-0AF3-427A-A5D4-932CC5709F3F}.Debug|Any CPU.Build.0 = Debug|Any CPU
		{86E45159-0AF3-427A-A5D4-932CC5709F3F}.Debug|x64.ActiveCfg = Debug|Any CPU
		{86E45159-0AF3-427A-A5D4-932CC5709F3F}.Debug|x64.Build.0 = Debug|Any CPU
		{86E45159-0AF3-427A-A5D4-932CC5709F3F}.Debug|x86.ActiveCfg = Debug|Any CPU
		{86E45159-0AF3-427A-A5D4-932CC5709F3F}.Debug|x86.Build.0 = Debug|Any CPU
		{86E45159-0AF3-427A-A5D4-932CC5709F3F}.Release|Any CPU.ActiveCfg = Release|Any CPU
		{86E45159-0AF3-427A-A5D4-932CC5709F3F}.Release|Any CPU.Build.0 = Release|Any CPU
		{86E45159-0AF3-427A-A5D4-932CC5709F3F}.Release|x64.ActiveCfg = Release|Any CPU
		{86E45159-0AF3-427A-A5D4-932CC5709F3F}.Release|x64.Build.0 = Release|Any CPU
		{86E45159-0AF3-427A-A5D4-932CC5709F3F}.Release|x86.ActiveCfg = Release|Any CPU
		{86E45159-0AF3-427A-A5D4-932CC5709F3F}.Release|x86.Build.0 = Release|Any CPU
		{C6417579-7C5A-4AA9-854C-C37E3558D594}.Debug|Any CPU.ActiveCfg = Debug|Any CPU
		{C6417579-7C5A-4AA9-854C-C37E3558D594}.Debug|Any CPU.Build.0 = Debug|Any CPU
		{C6417579-7C5A-4AA9-854C-C37E3558D594}.Debug|x64.ActiveCfg = Debug|Any CPU
		{C6417579-7C5A-4AA9-854C-C37E3558D594}.Debug|x64.Build.0 = Debug|Any CPU
		{C6417579-7C5A-4AA9-854C-C37E3558D594}.Debug|x86.ActiveCfg = Debug|Any CPU
		{C6417579-7C5A-4AA9-854C-C37E3558D594}.Debug|x86.Build.0 = Debug|Any CPU
		{C6417579-7C5A-4AA9-854C-C37E3558D594}.Release|Any CPU.ActiveCfg = Release|Any CPU
		{C6417579-7C5A-4AA9-854C-C37E3558D594}.Release|Any CPU.Build.0 = Release|Any CPU
		{C6417579-7C5A-4AA9-854C-C37E3558D594}.Release|x64.ActiveCfg = Release|Any CPU
		{C6417579-7C5A-4AA9-854C-C37E3558D594}.Release|x64.Build.0 = Release|Any CPU
		{C6417579-7C5A-4AA9-854C-C37E3558D594}.Release|x86.ActiveCfg = Release|Any CPU
		{C6417579-7C5A-4AA9-854C-C37E3558D594}.Release|x86.Build.0 = Release|Any CPU
		{9082C7BA-7CF1-4052-AEB5-24C7F9A3DF5D}.Debug|Any CPU.ActiveCfg = Debug|Any CPU
		{9082C7BA-7CF1-4052-AEB5-24C7F9A3DF5D}.Debug|Any CPU.Build.0 = Debug|Any CPU
		{9082C7BA-7CF1-4052-AEB5-24C7F9A3DF5D}.Debug|x64.ActiveCfg = Debug|Any CPU
		{9082C7BA-7CF1-4052-AEB5-24C7F9A3DF5D}.Debug|x64.Build.0 = Debug|Any CPU
		{9082C7BA-7CF1-4052-AEB5-24C7F9A3DF5D}.Debug|x86.ActiveCfg = Debug|Any CPU
		{9082C7BA-7CF1-4052-AEB5-24C7F9A3DF5D}.Debug|x86.Build.0 = Debug|Any CPU
		{9082C7BA-7CF1-4052-AEB5-24C7F9A3DF5D}.Release|Any CPU.ActiveCfg = Release|Any CPU
		{9082C7BA-7CF1-4052-AEB5-24C7F9A3DF5D}.Release|Any CPU.Build.0 = Release|Any CPU
		{9082C7BA-7CF1-4052-AEB5-24C7F9A3DF5D}.Release|x64.ActiveCfg = Release|Any CPU
		{9082C7BA-7CF1-4052-AEB5-24C7F9A3DF5D}.Release|x64.Build.0 = Release|Any CPU
		{9082C7BA-7CF1-4052-AEB5-24C7F9A3DF5D}.Release|x86.ActiveCfg = Release|Any CPU
		{9082C7BA-7CF1-4052-AEB5-24C7F9A3DF5D}.Release|x86.Build.0 = Release|Any CPU
	EndGlobalSection
	GlobalSection(SolutionProperties) = preSolution
		HideSolutionNode = FALSE
	EndGlobalSection
	GlobalSection(NestedProjects) = preSolution
		{F7AA6456-5866-421F-AC31-6E4D45CF8BAC} = {827E0CD3-B72D-47B6-A68D-7590B98EB39B}
		{20FF7636-09A0-465C-947A-19E320E2757E} = {827E0CD3-B72D-47B6-A68D-7590B98EB39B}
		{575132C5-5A1D-4933-9474-B6ED504C65B0} = {827E0CD3-B72D-47B6-A68D-7590B98EB39B}
		{EDEF89EA-5EE1-4146-82CF-8C15DC38ACB4} = {827E0CD3-B72D-47B6-A68D-7590B98EB39B}
		{86E45159-0AF3-427A-A5D4-932CC5709F3F} = {827E0CD3-B72D-47B6-A68D-7590B98EB39B}
		{C6417579-7C5A-4AA9-854C-C37E3558D594} = {0AB3BF05-4346-4AA6-1389-037BE0695223}
		{9082C7BA-7CF1-4052-AEB5-24C7F9A3DF5D} = {827E0CD3-B72D-47B6-A68D-7590B98EB39B}
	EndGlobalSection
EndGlobal
